
Microsoft Visual Studio Solution File, Format Version 12.00
# Visual Studio 15
VisualStudioVersion = 15.0.28307.421
MinimumVisualStudioVersion = 10.0.40219.1
Project("{9A19103F-16F7-4668-BE54-9A1E7A4F7556}") = "SnacksStore", "SnacksStore\SnacksStore.csproj", "{67BF91D3-CC1E-4D0D-A251-520DEB8A5350}"
EndProject
Global
	GlobalSection(SolutionConfigurationPlatforms) = preSolution
		Debug|Any CPU = Debug|Any CPU
		Release|Any CPU = Release|Any CPU
	EndGlobalSection
	GlobalSection(ProjectConfigurationPlatforms) = postSolution
		{67BF91D3-CC1E-4D0D-A251-520DEB8A5350}.Debug|Any CPU.ActiveCfg = Debug|Any CPU
		{67BF91D3-CC1E-4D0D-A251-520DEB8A5350}.Debug|Any CPU.Build.0 = Debug|Any CPU
		{67BF91D3-CC1E-4D0D-A251-520DEB8A5350}.Release|Any CPU.ActiveCfg = Release|Any CPU
		{67BF91D3-CC1E-4D0D-A251-520DEB8A5350}.Release|Any CPU.Build.0 = Release|Any CPU
	EndGlobalSection
	GlobalSection(SolutionProperties) = preSolution
		HideSolutionNode = FALSE
	EndGlobalSection
	GlobalSection(ExtensibilityGlobals) = postSolution
		SolutionGuid = {AA50787C-325B-4E3A-B46D-739AC226D472}
	EndGlobalSection
EndGlobal
